
Microsoft Visual Studio Solution File, Format Version 12.00
# Visual Studio Version 17
VisualStudioVersion = 17.1.32104.313
MinimumVisualStudioVersion = 15.0.26124.0
Project("{9A19103F-16F7-4668-BE54-9A1E7A4F7556}") = "Docnet.Tests.Unit", "Docnet.Tests.Unit\Docnet.Tests.Unit.csproj", "{C257CCC7-386C-4186-82B2-BAEA61029A6C}"
EndProject
Project("{9A19103F-16F7-4668-BE54-9A1E7A4F7556}") = "Docnet.Tests.Integration", "Docnet.Tests.Integration\Docnet.Tests.Integration.csproj", "{C0C9E763-0C2C-4F9C-8AE3-EDE99D2E45B8}"
EndProject
Project("{FAE04EC0-301F-11D3-BF4B-00C04F79EFBC}") = "Docnet.Core.Droid", "Docnet.Core.Droid\Docnet.Core.Droid.csproj", "{6FF580D7-6771-4592-9387-37C874EF6995}"
EndProject
Project("{FAE04EC0-301F-11D3-BF4B-00C04F79EFBC}") = "Docnet.Core.iOS", "Docnet.Core.iOS\Docnet.Core.iOS.csproj", "{CEE5F7D1-E061-449B-9B92-07AAC8AC3851}"
EndProject
Project("{D954291E-2A0B-460D-934E-DC6B0785DB48}") = "Docnet.Core.Bindings", "Docnet.Core.Bindings\Docnet.Core.Bindings.shproj", "{C70B9628-3589-4AB9-9741-85DEC443520B}"
EndProject
Project("{9A19103F-16F7-4668-BE54-9A1E7A4F7556}") = "Docnet.Core.Standard", "Docnet.Core.Standard\Docnet.Core.Standard.csproj", "{91E59D61-5E3D-4691-831D-7763964251EF}"
EndProject
Project("{D954291E-2A0B-460D-934E-DC6B0785DB48}") = "Docnet.Core", "Docnet.Core\Docnet.Core.shproj", "{CF99808C-FA07-499A-B0D4-A3D1CC9EA82B}"
EndProject
Project("{FAE04EC0-301F-11D3-BF4B-00C04F79EFBC}") = "Docnet.Test.Droid", "Docnet.Test.Droid\Docnet.Test.Droid.csproj", "{86602C2B-4D11-4242-9131-BF001C6719F5}"
EndProject
Project("{FAE04EC0-301F-11D3-BF4B-00C04F79EFBC}") = "Docnet.Test.iOS", "Docnet.Test.iOS\Docnet.Test.iOS.csproj", "{82AAA326-AA11-4D90-B3A3-AFD153119FF0}"
EndProject
Global
	GlobalSection(SharedMSBuildProjectFiles) = preSolution
		Docnet.Core.Bindings\Docnet.Core.Bindings.projitems*{6ff580d7-6771-4592-9387-37c874ef6995}*SharedItemsImports = 4
		Docnet.Core\Docnet.Core.projitems*{6ff580d7-6771-4592-9387-37c874ef6995}*SharedItemsImports = 4
		Docnet.Core.Bindings\Docnet.Core.Bindings.projitems*{91e59d61-5e3d-4691-831d-7763964251ef}*SharedItemsImports = 5
		Docnet.Core\Docnet.Core.projitems*{91e59d61-5e3d-4691-831d-7763964251ef}*SharedItemsImports = 5
		Docnet.Core.Bindings\Docnet.Core.Bindings.projitems*{c70b9628-3589-4ab9-9741-85dec443520b}*SharedItemsImports = 13
		Docnet.Core\Docnet.Core.projitems*{cf99808c-fa07-499a-b0d4-a3d1cc9ea82b}*SharedItemsImports = 13
	EndGlobalSection
	GlobalSection(SolutionConfigurationPlatforms) = preSolution
		Debug|Any CPU = Debug|Any CPU
		Debug|iPhone = Debug|iPhone
		Debug|iPhoneSimulator = Debug|iPhoneSimulator
		Debug|x64 = Debug|x64
		Debug|x86 = Debug|x86
		Release|Any CPU = Release|Any CPU
		Release|iPhone = Release|iPhone
		Release|iPhoneSimulator = Release|iPhoneSimulator
		Release|x64 = Release|x64
		Release|x86 = Release|x86
	EndGlobalSection
	GlobalSection(ProjectConfigurationPlatforms) = postSolution
		{C257CCC7-386C-4186-82B2-BAEA61029A6C}.Debug|Any CPU.ActiveCfg = Debug|Any CPU
		{C257CCC7-386C-4186-82B2-BAEA61029A6C}.Debug|Any CPU.Build.0 = Debug|Any CPU
		{C257CCC7-386C-4186-82B2-BAEA61029A6C}.Debug|iPhone.ActiveCfg = Debug|Any CPU
		{C257CCC7-386C-4186-82B2-BAEA61029A6C}.Debug|iPhone.Build.0 = Debug|Any CPU
		{C257CCC7-386C-4186-82B2-BAEA61029A6C}.Debug|iPhoneSimulator.ActiveCfg = Debug|Any CPU
		{C257CCC7-386C-4186-82B2-BAEA61029A6C}.Debug|iPhoneSimulator.Build.0 = Debug|Any CPU
		{C257CCC7-386C-4186-82B2-BAEA61029A6C}.Debug|x64.ActiveCfg = Debug|Any CPU
		{C257CCC7-386C-4186-82B2-BAEA61029A6C}.Debug|x64.Build.0 = Debug|Any CPU
		{C257CCC7-386C-4186-82B2-BAEA61029A6C}.Debug|x86.ActiveCfg = Debug|Any CPU
		{C257CCC7-386C-4186-82B2-BAEA61029A6C}.Debug|x86.Build.0 = Debug|Any CPU
		{C257CCC7-386C-4186-82B2-BAEA61029A6C}.Release|Any CPU.ActiveCfg = Release|Any CPU
		{C257CCC7-386C-4186-82B2-BAEA61029A6C}.Release|Any CPU.Build.0 = Release|Any CPU
		{C257CCC7-386C-4186-82B2-BAEA61029A6C}.Release|iPhone.ActiveCfg = Release|Any CPU
		{C257CCC7-386C-4186-82B2-BAEA61029A6C}.Release|iPhone.Build.0 = Release|Any CPU
		{C257CCC7-386C-4186-82B2-BAEA61029A6C}.Release|iPhoneSimulator.ActiveCfg = Release|Any CPU
		{C257CCC7-386C-4186-82B2-BAEA61029A6C}.Release|iPhoneSimulator.Build.0 = Release|Any CPU
		{C257CCC7-386C-4186-82B2-BAEA61029A6C}.Release|x64.ActiveCfg = Release|Any CPU
		{C257CCC7-386C-4186-82B2-BAEA61029A6C}.Release|x64.Build.0 = Release|Any CPU
		{C257CCC7-386C-4186-82B2-BAEA61029A6C}.Release|x86.ActiveCfg = Release|Any CPU
		{C257CCC7-386C-4186-82B2-BAEA61029A6C}.Release|x86.Build.0 = Release|Any CPU
		{C0C9E763-0C2C-4F9C-8AE3-EDE99D2E45B8}.Debug|Any CPU.ActiveCfg = Debug|Any CPU
		{C0C9E763-0C2C-4F9C-8AE3-EDE99D2E45B8}.Debug|Any CPU.Build.0 = Debug|Any CPU
		{C0C9E763-0C2C-4F9C-8AE3-EDE99D2E45B8}.Debug|iPhone.ActiveCfg = Debug|Any CPU
		{C0C9E763-0C2C-4F9C-8AE3-EDE99D2E45B8}.Debug|iPhone.Build.0 = Debug|Any CPU
		{C0C9E763-0C2C-4F9C-8AE3-EDE99D2E45B8}.Debug|iPhoneSimulator.ActiveCfg = Debug|Any CPU
		{C0C9E763-0C2C-4F9C-8AE3-EDE99D2E45B8}.Debug|iPhoneSimulator.Build.0 = Debug|Any CPU
		{C0C9E763-0C2C-4F9C-8AE3-EDE99D2E45B8}.Debug|x64.ActiveCfg = Debug|Any CPU
		{C0C9E763-0C2C-4F9C-8AE3-EDE99D2E45B8}.Debug|x64.Build.0 = Debug|Any CPU
		{C0C9E763-0C2C-4F9C-8AE3-EDE99D2E45B8}.Debug|x86.ActiveCfg = Debug|Any CPU
		{C0C9E763-0C2C-4F9C-8AE3-EDE99D2E45B8}.Debug|x86.Build.0 = Debug|Any CPU
		{C0C9E763-0C2C-4F9C-8AE3-EDE99D2E45B8}.Release|Any CPU.ActiveCfg = Release|Any CPU
		{C0C9E763-0C2C-4F9C-8AE3-EDE99D2E45B8}.Release|Any CPU.Build.0 = Release|Any CPU
		{C0C9E763-0C2C-4F9C-8AE3-EDE99D2E45B8}.Release|iPhone.ActiveCfg = Release|Any CPU
		{C0C9E763-0C2C-4F9C-8AE3-EDE99D2E45B8}.Release|iPhone.Build.0 = Release|Any CPU
		{C0C9E763-0C2C-4F9C-8AE3-EDE99D2E45B8}.Release|iPhoneSimulator.ActiveCfg = Release|Any CPU
		{C0C9E763-0C2C-4F9C-8AE3-EDE99D2E45B8}.Release|iPhoneSimulator.Build.0 = Release|Any CPU
		{C0C9E763-0C2C-4F9C-8AE3-EDE99D2E45B8}.Release|x64.ActiveCfg = Release|Any CPU
		{C0C9E763-0C2C-4F9C-8AE3-EDE99D2E45B8}.Release|x64.Build.0 = Release|Any CPU
		{C0C9E763-0C2C-4F9C-8AE3-EDE99D2E45B8}.Release|x86.ActiveCfg = Release|Any CPU
		{C0C9E763-0C2C-4F9C-8AE3-EDE99D2E45B8}.Release|x86.Build.0 = Release|Any CPU
		{6FF580D7-6771-4592-9387-37C874EF6995}.Debug|Any CPU.ActiveCfg = Debug|Any CPU
		{6FF580D7-6771-4592-9387-37C874EF6995}.Debug|Any CPU.Build.0 = Debug|Any CPU
		{6FF580D7-6771-4592-9387-37C874EF6995}.Debug|iPhone.ActiveCfg = Debug|Any CPU
		{6FF580D7-6771-4592-9387-37C874EF6995}.Debug|iPhone.Build.0 = Debug|Any CPU
		{6FF580D7-6771-4592-9387-37C874EF6995}.Debug|iPhoneSimulator.ActiveCfg = Debug|Any CPU
		{6FF580D7-6771-4592-9387-37C874EF6995}.Debug|iPhoneSimulator.Build.0 = Debug|Any CPU
		{6FF580D7-6771-4592-9387-37C874EF6995}.Debug|x64.ActiveCfg = Debug|Any CPU
		{6FF580D7-6771-4592-9387-37C874EF6995}.Debug|x64.Build.0 = Debug|Any CPU
		{6FF580D7-6771-4592-9387-37C874EF6995}.Debug|x86.ActiveCfg = Debug|Any CPU
		{6FF580D7-6771-4592-9387-37C874EF6995}.Debug|x86.Build.0 = Debug|Any CPU
		{6FF580D7-6771-4592-9387-37C874EF6995}.Release|Any CPU.ActiveCfg = Release|Any CPU
		{6FF580D7-6771-4592-9387-37C874EF6995}.Release|Any CPU.Build.0 = Release|Any CPU
		{6FF580D7-6771-4592-9387-37C874EF6995}.Release|iPhone.ActiveCfg = Release|Any CPU
		{6FF580D7-6771-4592-9387-37C874EF6995}.Release|iPhone.Build.0 = Release|Any CPU
		{6FF580D7-6771-4592-9387-37C874EF6995}.Release|iPhoneSimulator.ActiveCfg = Release|Any CPU
		{6FF580D7-6771-4592-9387-37C874EF6995}.Release|iPhoneSimulator.Build.0 = Release|Any CPU
		{6FF580D7-6771-4592-9387-37C874EF6995}.Release|x64.ActiveCfg = Release|Any CPU
		{6FF580D7-6771-4592-9387-37C874EF6995}.Release|x64.Build.0 = Release|Any CPU
		{6FF580D7-6771-4592-9387-37C874EF6995}.Release|x86.ActiveCfg = Release|Any CPU
		{6FF580D7-6771-4592-9387-37C874EF6995}.Release|x86.Build.0 = Release|Any CPU
		{CEE5F7D1-E061-449B-9B92-07AAC8AC3851}.Debug|Any CPU.ActiveCfg = Debug|Any CPU
		{CEE5F7D1-E061-449B-9B92-07AAC8AC3851}.Debug|Any CPU.Build.0 = Debug|Any CPU
		{CEE5F7D1-E061-449B-9B92-07AAC8AC3851}.Debug|iPhone.ActiveCfg = Debug|Any CPU
		{CEE5F7D1-E061-449B-9B92-07AAC8AC3851}.Debug|iPhone.Build.0 = Debug|Any CPU
		{CEE5F7D1-E061-449B-9B92-07AAC8AC3851}.Debug|iPhoneSimulator.ActiveCfg = Debug|Any CPU
		{CEE5F7D1-E061-449B-9B92-07AAC8AC3851}.Debug|iPhoneSimulator.Build.0 = Debug|Any CPU
		{CEE5F7D1-E061-449B-9B92-07AAC8AC3851}.Debug|x64.ActiveCfg = Debug|Any CPU
		{CEE5F7D1-E061-449B-9B92-07AAC8AC3851}.Debug|x64.Build.0 = Debug|Any CPU
		{CEE5F7D1-E061-449B-9B92-07AAC8AC3851}.Debug|x86.ActiveCfg = Debug|Any CPU
		{CEE5F7D1-E061-449B-9B92-07AAC8AC3851}.Debug|x86.Build.0 = Debug|Any CPU
		{CEE5F7D1-E061-449B-9B92-07AAC8AC3851}.Release|Any CPU.ActiveCfg = Release|Any CPU
		{CEE5F7D1-E061-449B-9B92-07AAC8AC3851}.Release|Any CPU.Build.0 = Release|Any CPU
		{CEE5F7D1-E061-449B-9B92-07AAC8AC3851}.Release|iPhone.ActiveCfg = Release|Any CPU
		{CEE5F7D1-E061-449B-9B92-07AAC8AC3851}.Release|iPhone.Build.0 = Release|Any CPU
		{CEE5F7D1-E061-449B-9B92-07AAC8AC3851}.Release|iPhoneSimulator.ActiveCfg = Release|Any CPU
		{CEE5F7D1-E061-449B-9B92-07AAC8AC3851}.Release|iPhoneSimulator.Build.0 = Release|Any CPU
		{CEE5F7D1-E061-449B-9B92-07AAC8AC3851}.Release|x64.ActiveCfg = Release|Any CPU
		{CEE5F7D1-E061-449B-9B92-07AAC8AC3851}.Release|x64.Build.0 = Release|Any CPU
		{CEE5F7D1-E061-449B-9B92-07AAC8AC3851}.Release|x86.ActiveCfg = Release|Any CPU
		{CEE5F7D1-E061-449B-9B92-07AAC8AC3851}.Release|x86.Build.0 = Release|Any CPU
		{91E59D61-5E3D-4691-831D-7763964251EF}.Debug|Any CPU.ActiveCfg = Debug|Any CPU
		{91E59D61-5E3D-4691-831D-7763964251EF}.Debug|Any CPU.Build.0 = Debug|Any CPU
		{91E59D61-5E3D-4691-831D-7763964251EF}.Debug|iPhone.ActiveCfg = Debug|Any CPU
		{91E59D61-5E3D-4691-831D-7763964251EF}.Debug|iPhone.Build.0 = Debug|Any CPU
		{91E59D61-5E3D-4691-831D-7763964251EF}.Debug|iPhoneSimulator.ActiveCfg = Debug|Any CPU
		{91E59D61-5E3D-4691-831D-7763964251EF}.Debug|iPhoneSimulator.Build.0 = Debug|Any CPU
		{91E59D61-5E3D-4691-831D-7763964251EF}.Debug|x64.ActiveCfg = Debug|Any CPU
		{91E59D61-5E3D-4691-831D-7763964251EF}.Debug|x64.Build.0 = Debug|Any CPU
		{91E59D61-5E3D-4691-831D-7763964251EF}.Debug|x86.ActiveCfg = Debug|Any CPU
		{91E59D61-5E3D-4691-831D-7763964251EF}.Debug|x86.Build.0 = Debug|Any CPU
		{91E59D61-5E3D-4691-831D-7763964251EF}.Release|Any CPU.ActiveCfg = Release|Any CPU
		{91E59D61-5E3D-4691-831D-7763964251EF}.Release|Any CPU.Build.0 = Release|Any CPU
		{91E59D61-5E3D-4691-831D-7763964251EF}.Release|iPhone.ActiveCfg = Release|Any CPU
		{91E59D61-5E3D-4691-831D-7763964251EF}.Release|iPhone.Build.0 = Release|Any CPU
		{91E59D61-5E3D-4691-831D-7763964251EF}.Release|iPhoneSimulator.ActiveCfg = Release|Any CPU
		{91E59D61-5E3D-4691-831D-7763964251EF}.Release|iPhoneSimulator.Build.0 = Release|Any CPU
		{91E59D61-5E3D-4691-831D-7763964251EF}.Release|x64.ActiveCfg = Release|Any CPU
		{91E59D61-5E3D-4691-831D-7763964251EF}.Release|x64.Build.0 = Release|Any CPU
		{91E59D61-5E3D-4691-831D-7763964251EF}.Release|x86.ActiveCfg = Release|Any CPU
		{91E59D61-5E3D-4691-831D-7763964251EF}.Release|x86.Build.0 = Release|Any CPU
		{86602C2B-4D11-4242-9131-BF001C6719F5}.Debug|Any CPU.ActiveCfg = Debug|Any CPU
		{86602C2B-4D11-4242-9131-BF001C6719F5}.Debug|Any CPU.Build.0 = Debug|Any CPU
		{86602C2B-4D11-4242-9131-BF001C6719F5}.Debug|Any CPU.Deploy.0 = Debug|Any CPU
		{86602C2B-4D11-4242-9131-BF001C6719F5}.Debug|iPhone.ActiveCfg = Debug|Any CPU
		{86602C2B-4D11-4242-9131-BF001C6719F5}.Debug|iPhone.Build.0 = Debug|Any CPU
		{86602C2B-4D11-4242-9131-BF001C6719F5}.Debug|iPhone.Deploy.0 = Debug|Any CPU
		{86602C2B-4D11-4242-9131-BF001C6719F5}.Debug|iPhoneSimulator.ActiveCfg = Debug|Any CPU
		{86602C2B-4D11-4242-9131-BF001C6719F5}.Debug|iPhoneSimulator.Build.0 = Debug|Any CPU
		{86602C2B-4D11-4242-9131-BF001C6719F5}.Debug|iPhoneSimulator.Deploy.0 = Debug|Any CPU
		{86602C2B-4D11-4242-9131-BF001C6719F5}.Debug|x64.ActiveCfg = Debug|Any CPU
		{86602C2B-4D11-4242-9131-BF001C6719F5}.Debug|x64.Build.0 = Debug|Any CPU
		{86602C2B-4D11-4242-9131-BF001C6719F5}.Debug|x64.Deploy.0 = Debug|Any CPU
		{86602C2B-4D11-4242-9131-BF001C6719F5}.Debug|x86.ActiveCfg = Debug|Any CPU
		{86602C2B-4D11-4242-9131-BF001C6719F5}.Debug|x86.Build.0 = Debug|Any CPU
		{86602C2B-4D11-4242-9131-BF001C6719F5}.Debug|x86.Deploy.0 = Debug|Any CPU
		{86602C2B-4D11-4242-9131-BF001C6719F5}.Release|Any CPU.ActiveCfg = Release|Any CPU
		{86602C2B-4D11-4242-9131-BF001C6719F5}.Release|Any CPU.Build.0 = Release|Any CPU
		{86602C2B-4D11-4242-9131-BF001C6719F5}.Release|Any CPU.Deploy.0 = Release|Any CPU
		{86602C2B-4D11-4242-9131-BF001C6719F5}.Release|iPhone.ActiveCfg = Release|Any CPU
		{86602C2B-4D11-4242-9131-BF001C6719F5}.Release|iPhone.Build.0 = Release|Any CPU
		{86602C2B-4D11-4242-9131-BF001C6719F5}.Release|iPhone.Deploy.0 = Release|Any CPU
		{86602C2B-4D11-4242-9131-BF001C6719F5}.Release|iPhoneSimulator.ActiveCfg = Release|Any CPU
		{86602C2B-4D11-4242-9131-BF001C6719F5}.Release|iPhoneSimulator.Build.0 = Release|Any CPU
		{86602C2B-4D11-4242-9131-BF001C6719F5}.Release|iPhoneSimulator.Deploy.0 = Release|Any CPU
		{86602C2B-4D11-4242-9131-BF001C6719F5}.Release|x64.ActiveCfg = Release|Any CPU
		{86602C2B-4D11-4242-9131-BF001C6719F5}.Release|x64.Build.0 = Release|Any CPU
		{86602C2B-4D11-4242-9131-BF001C6719F5}.Release|x64.Deploy.0 = Release|Any CPU
		{86602C2B-4D11-4242-9131-BF001C6719F5}.Release|x86.ActiveCfg = Release|Any CPU
		{86602C2B-4D11-4242-9131-BF001C6719F5}.Release|x86.Build.0 = Release|Any CPU
		{86602C2B-4D11-4242-9131-BF001C6719F5}.Release|x86.Deploy.0 = Release|Any CPU
		{82AAA326-AA11-4D90-B3A3-AFD153119FF0}.Debug|Any CPU.ActiveCfg = Debug|iPhoneSimulator
		{82AAA326-AA11-4D90-B3A3-AFD153119FF0}.Debug|Any CPU.Build.0 = Debug|iPhoneSimulator
		{82AAA326-AA11-4D90-B3A3-AFD153119FF0}.Debug|iPhone.ActiveCfg = Debug|iPhone
		{82AAA326-AA11-4D90-B3A3-AFD153119FF0}.Debug|iPhone.Build.0 = Debug|iPhone
		{82AAA326-AA11-4D90-B3A3-AFD153119FF0}.Debug|iPhoneSimulator.ActiveCfg = Debug|iPhoneSimulator
		{82AAA326-AA11-4D90-B3A3-AFD153119FF0}.Debug|iPhoneSimulator.Build.0 = Debug|iPhoneSimulator
		{82AAA326-AA11-4D90-B3A3-AFD153119FF0}.Debug|x64.ActiveCfg = Debug|iPhoneSimulator
		{82AAA326-AA11-4D90-B3A3-AFD153119FF0}.Debug|x64.Build.0 = Debug|iPhoneSimulator
		{82AAA326-AA11-4D90-B3A3-AFD153119FF0}.Debug|x86.ActiveCfg = Debug|iPhoneSimulator
		{82AAA326-AA11-4D90-B3A3-AFD153119FF0}.Debug|x86.Build.0 = Debug|iPhoneSimulator
		{82AAA326-AA11-4D90-B3A3-AFD153119FF0}.Release|Any CPU.ActiveCfg = Release|iPhoneSimulator
		{82AAA326-AA11-4D90-B3A3-AFD153119FF0}.Release|Any CPU.Build.0 = Release|iPhoneSimulator
		{82AAA326-AA11-4D90-B3A3-AFD153119FF0}.Release|iPhone.ActiveCfg = Release|iPhone
		{82AAA326-AA11-4D90-B3A3-AFD153119FF0}.Release|iPhone.Build.0 = Release|iPhone
		{82AAA326-AA11-4D90-B3A3-AFD153119FF0}.Release|iPhoneSimulator.ActiveCfg = Release|iPhoneSimulator
		{82AAA326-AA11-4D90-B3A3-AFD153119FF0}.Release|iPhoneSimulator.Build.0 = Release|iPhoneSimulator
		{82AAA326-AA11-4D90-B3A3-AFD153119FF0}.Release|x64.ActiveCfg = Release|iPhoneSimulator
		{82AAA326-AA11-4D90-B3A3-AFD153119FF0}.Release|x64.Build.0 = Release|iPhoneSimulator
		{82AAA326-AA11-4D90-B3A3-AFD153119FF0}.Release|x86.ActiveCfg = Release|iPhoneSimulator
		{82AAA326-AA11-4D90-B3A3-AFD153119FF0}.Release|x86.Build.0 = Release|iPhoneSimulator
	EndGlobalSection
	GlobalSection(SolutionProperties) = preSolution
		HideSolutionNode = FALSE
	EndGlobalSection
	GlobalSection(ExtensibilityGlobals) = postSolution
		SolutionGuid = {70649763-C88B-41E3-8B01-2FA6926AE9FC}
	EndGlobalSection
EndGlobal
